
Microsoft Visual Studio Solution File, Format Version 12.00
# Visual Studio 15
VisualStudioVersion = 15.0.27130.2027
MinimumVisualStudioVersion = 10.0.40219.1
Project("{9A19103F-16F7-4668-BE54-9A1E7A4F7556}") = "Trendyol.CaseStudy.Common", "Trendyol.CaseStudy.Common\Trendyol.CaseStudy.Common.csproj", "{7FDC642C-86C9-4E08-9510-95F513FCF62D}"
EndProject
Project("{9A19103F-16F7-4668-BE54-9A1E7A4F7556}") = "Trendyol.CaseStudy.Consumer", "Trendyol.CaseStudy.Consumer\Trendyol.CaseStudy.Consumer.csproj", "{73F0818A-36F2-45BC-9F90-421FF6B45627}"
EndProject
Project("{9A19103F-16F7-4668-BE54-9A1E7A4F7556}") = "Trendyol.CaseStudy.Publisher", "Trendyol.CaseStudy.Publisher\Trendyol.CaseStudy.Publisher.csproj", "{C7C66662-E3C9-4256-AE21-295509B8374F}"
EndProject
Project("{9A19103F-16F7-4668-BE54-9A1E7A4F7556}") = "Trendyol.CaseStudy.Providers", "Trendyol.CaseStudy.Providers\Trendyol.CaseStudy.Providers.csproj", "{2101DD60-DD22-4548-AF79-544BF603DCAA}"
EndProject
Project("{9A19103F-16F7-4668-BE54-9A1E7A4F7556}") = "Trendyol.CaseStudy.Messaging", "Trendyol.CaseStudy.Messaging\Trendyol.CaseStudy.Messaging.csproj", "{7B908588-2799-454E-9C15-965AB104EC9D}"
EndProject
Project("{2150E333-8FDC-42A3-9474-1A3956D46DE8}") = "Common", "Common", "{2A726028-5FD9-4CD6-B88B-D17AB53760BB}"
EndProject
Project("{2150E333-8FDC-42A3-9474-1A3956D46DE8}") = "Consumer", "Consumer", "{FEC2C59D-8B3D-4D25-B0AF-7EBC621D3468}"
EndProject
Project("{2150E333-8FDC-42A3-9474-1A3956D46DE8}") = "Publisher", "Publisher", "{5EC87F69-D49E-44A8-9B8D-597F6E4C67B0}"
EndProject
Project("{2150E333-8FDC-42A3-9474-1A3956D46DE8}") = "Test", "Test", "{43361CAD-C1CA-4836-B16F-E72353D589C8}"
EndProject
Project("{FAE04EC0-301F-11D3-BF4B-00C04F79EFBC}") = "Trendyol.CaseStudy.Test", "Test\Trendyol.CaseStudy.Test\Trendyol.CaseStudy.Test.csproj", "{21202E09-3388-44B3-9CFA-4E693CFDB1B3}"
EndProject
Global
	GlobalSection(SolutionConfigurationPlatforms) = preSolution
		Debug|Any CPU = Debug|Any CPU
		Release|Any CPU = Release|Any CPU
	EndGlobalSection
	GlobalSection(ProjectConfigurationPlatforms) = postSolution
		{7FDC642C-86C9-4E08-9510-95F513FCF62D}.Debug|Any CPU.ActiveCfg = Debug|Any CPU
		{7FDC642C-86C9-4E08-9510-95F513FCF62D}.Debug|Any CPU.Build.0 = Debug|Any CPU
		{7FDC642C-86C9-4E08-9510-95F513FCF62D}.Release|Any CPU.ActiveCfg = Release|Any CPU
		{7FDC642C-86C9-4E08-9510-95F513FCF62D}.Release|Any CPU.Build.0 = Release|Any CPU
		{73F0818A-36F2-45BC-9F90-421FF6B45627}.Debug|Any CPU.ActiveCfg = Debug|Any CPU
		{73F0818A-36F2-45BC-9F90-421FF6B45627}.Debug|Any CPU.Build.0 = Debug|Any CPU
		{73F0818A-36F2-45BC-9F90-421FF6B45627}.Release|Any CPU.ActiveCfg = Release|Any CPU
		{73F0818A-36F2-45BC-9F90-421FF6B45627}.Release|Any CPU.Build.0 = Release|Any CPU
		{C7C66662-E3C9-4256-AE21-295509B8374F}.Debug|Any CPU.ActiveCfg = Debug|Any CPU
		{C7C66662-E3C9-4256-AE21-295509B8374F}.Debug|Any CPU.Build.0 = Debug|Any CPU
		{C7C66662-E3C9-4256-AE21-295509B8374F}.Release|Any CPU.ActiveCfg = Release|Any CPU
		{C7C66662-E3C9-4256-AE21-295509B8374F}.Release|Any CPU.Build.0 = Release|Any CPU
		{2101DD60-DD22-4548-AF79-544BF603DCAA}.Debug|Any CPU.ActiveCfg = Debug|Any CPU
		{2101DD60-DD22-4548-AF79-544BF603DCAA}.Debug|Any CPU.Build.0 = Debug|Any CPU
		{2101DD60-DD22-4548-AF79-544BF603DCAA}.Release|Any CPU.ActiveCfg = Release|Any CPU
		{2101DD60-DD22-4548-AF79-544BF603DCAA}.Release|Any CPU.Build.0 = Release|Any CPU
		{7B908588-2799-454E-9C15-965AB104EC9D}.Debug|Any CPU.ActiveCfg = Debug|Any CPU
		{7B908588-2799-454E-9C15-965AB104EC9D}.Debug|Any CPU.Build.0 = Debug|Any CPU
		{7B908588-2799-454E-9C15-965AB104EC9D}.Release|Any CPU.ActiveCfg = Release|Any CPU
		{7B908588-2799-454E-9C15-965AB104EC9D}.Release|Any CPU.Build.0 = Release|Any CPU
		{21202E09-3388-44B3-9CFA-4E693CFDB1B3}.Debug|Any CPU.ActiveCfg = Debug|Any CPU
		{21202E09-3388-44B3-9CFA-4E693CFDB1B3}.Debug|Any CPU.Build.0 = Debug|Any CPU
		{21202E09-3388-44B3-9CFA-4E693CFDB1B3}.Release|Any CPU.ActiveCfg = Release|Any CPU
		{21202E09-3388-44B3-9CFA-4E693CFDB1B3}.Release|Any CPU.Build.0 = Release|Any CPU
	EndGlobalSection
	GlobalSection(SolutionProperties) = preSolution
		HideSolutionNode = FALSE
	EndGlobalSection
	GlobalSection(NestedProjects) = preSolution
		{7FDC642C-86C9-4E08-9510-95F513FCF62D} = {2A726028-5FD9-4CD6-B88B-D17AB53760BB}
		{73F0818A-36F2-45BC-9F90-421FF6B45627} = {FEC2C59D-8B3D-4D25-B0AF-7EBC621D3468}
		{C7C66662-E3C9-4256-AE21-295509B8374F} = {5EC87F69-D49E-44A8-9B8D-597F6E4C67B0}
		{2101DD60-DD22-4548-AF79-544BF603DCAA} = {2A726028-5FD9-4CD6-B88B-D17AB53760BB}
		{7B908588-2799-454E-9C15-965AB104EC9D} = {2A726028-5FD9-4CD6-B88B-D17AB53760BB}
		{21202E09-3388-44B3-9CFA-4E693CFDB1B3} = {43361CAD-C1CA-4836-B16F-E72353D589C8}
	EndGlobalSection
	GlobalSection(ExtensibilityGlobals) = postSolution
		SolutionGuid = {B2630620-059D-4AA5-817A-901D00FD991A}
	EndGlobalSection
EndGlobal
